
Microsoft Visual Studio Solution File, Format Version 12.00
# Visual Studio Version 17
VisualStudioVersion = 17.0.32112.339
MinimumVisualStudioVersion = 10.0.40219.1
Project("{FAE04EC0-301F-11D3-BF4B-00C04F79EFBC}") = "AppSuperFlix.UWP", "AppSuperFlix\AppSuperFlix.UWP\AppSuperFlix.UWP.csproj", "{A1076DCF-8A25-4FF2-B174-649AC733E262}"
EndProject
Project("{FAE04EC0-301F-11D3-BF4B-00C04F79EFBC}") = "AppSuperFlix.Android", "AppSuperFlix\AppSuperFlix.Android\AppSuperFlix.Android.csproj", "{6FC2599E-07DA-4AC8-96F9-B95CF17F7800}"
EndProject
Project("{FAE04EC0-301F-11D3-BF4B-00C04F79EFBC}") = "AppSuperFlix", "AppSuperFlix\AppSuperFlix\AppSuperFlix.csproj", "{0BB1CBCA-1F3D-4792-BF02-E6063BDC27A0}"
EndProject
Global
	GlobalSection(SolutionConfigurationPlatforms) = preSolution
		Debug|Any CPU = Debug|Any CPU
		Debug|ARM = Debug|ARM
		Debug|x64 = Debug|x64
		Debug|x86 = Debug|x86
		Release|Any CPU = Release|Any CPU
		Release|ARM = Release|ARM
		Release|x64 = Release|x64
		Release|x86 = Release|x86
	EndGlobalSection
	GlobalSection(ProjectConfigurationPlatforms) = postSolution
		{A1076DCF-8A25-4FF2-B174-649AC733E262}.Debug|Any CPU.ActiveCfg = Debug|x64
		{A1076DCF-8A25-4FF2-B174-649AC733E262}.Debug|Any CPU.Build.0 = Debug|x64
		{A1076DCF-8A25-4FF2-B174-649AC733E262}.Debug|Any CPU.Deploy.0 = Debug|x64
		{A1076DCF-8A25-4FF2-B174-649AC733E262}.Debug|ARM.ActiveCfg = Debug|ARM
		{A1076DCF-8A25-4FF2-B174-649AC733E262}.Debug|ARM.Build.0 = Debug|ARM
		{A1076DCF-8A25-4FF2-B174-649AC733E262}.Debug|ARM.Deploy.0 = Debug|ARM
		{A1076DCF-8A25-4FF2-B174-649AC733E262}.Debug|x64.ActiveCfg = Debug|x64
		{A1076DCF-8A25-4FF2-B174-649AC733E262}.Debug|x64.Build.0 = Debug|x64
		{A1076DCF-8A25-4FF2-B174-649AC733E262}.Debug|x64.Deploy.0 = Debug|x64
		{A1076DCF-8A25-4FF2-B174-649AC733E262}.Debug|x86.ActiveCfg = Debug|x86
		{A1076DCF-8A25-4FF2-B174-649AC733E262}.Debug|x86.Build.0 = Debug|x86
		{A1076DCF-8A25-4FF2-B174-649AC733E262}.Debug|x86.Deploy.0 = Debug|x86
		{A1076DCF-8A25-4FF2-B174-649AC733E262}.Release|Any CPU.ActiveCfg = Release|x64
		{A1076DCF-8A25-4FF2-B174-649AC733E262}.Release|Any CPU.Build.0 = Release|x64
		{A1076DCF-8A25-4FF2-B174-649AC733E262}.Release|Any CPU.Deploy.0 = Release|x64
		{A1076DCF-8A25-4FF2-B174-649AC733E262}.Release|ARM.ActiveCfg = Release|ARM
		{A1076DCF-8A25-4FF2-B174-649AC733E262}.Release|ARM.Build.0 = Release|ARM
		{A1076DCF-8A25-4FF2-B174-649AC733E262}.Release|ARM.Deploy.0 = Release|ARM
		{A1076DCF-8A25-4FF2-B174-649AC733E262}.Release|x64.ActiveCfg = Release|x64
		{A1076DCF-8A25-4FF2-B174-649AC733E262}.Release|x64.Build.0 = Release|x64
		{A1076DCF-8A25-4FF2-B174-649AC733E262}.Release|x64.Deploy.0 = Release|x64
		{A1076DCF-8A25-4FF2-B174-649AC733E262}.Release|x86.ActiveCfg = Release|x86
		{A1076DCF-8A25-4FF2-B174-649AC733E262}.Release|x86.Build.0 = Release|x86
		{A1076DCF-8A25-4FF2-B174-649AC733E262}.Release|x86.Deploy.0 = Release|x86
		{6FC2599E-07DA-4AC8-96F9-B95CF17F7800}.Debug|Any CPU.ActiveCfg = Debug|Any CPU
		{6FC2599E-07DA-4AC8-96F9-B95CF17F7800}.Debug|Any CPU.Build.0 = Debug|Any CPU
		{6FC2599E-07DA-4AC8-96F9-B95CF17F7800}.Debug|Any CPU.Deploy.0 = Debug|Any CPU
		{6FC2599E-07DA-4AC8-96F9-B95CF17F7800}.Debug|ARM.ActiveCfg = Debug|Any CPU
		{6FC2599E-07DA-4AC8-96F9-B95CF17F7800}.Debug|ARM.Build.0 = Debug|Any CPU
		{6FC2599E-07DA-4AC8-96F9-B95CF17F7800}.Debug|ARM.Deploy.0 = Debug|Any CPU
		{6FC2599E-07DA-4AC8-96F9-B95CF17F7800}.Debug|x64.ActiveCfg = Debug|Any CPU
		{6FC2599E-07DA-4AC8-96F9-B95CF17F7800}.Debug|x64.Build.0 = Debug|Any CPU
		{6FC2599E-07DA-4AC8-96F9-B95CF17F7800}.Debug|x64.Deploy.0 = Debug|Any CPU
		{6FC2599E-07DA-4AC8-96F9-B95CF17F7800}.Debug|x86.ActiveCfg = Debug|Any CPU
		{6FC2599E-07DA-4AC8-96F9-B95CF17F7800}.Debug|x86.Build.0 = Debug|Any CPU
		{6FC2599E-07DA-4AC8-96F9-B95CF17F7800}.Debug|x86.Deploy.0 = Debug|Any CPU
		{6FC2599E-07DA-4AC8-96F9-B95CF17F7800}.Release|Any CPU.ActiveCfg = Release|Any CPU
		{6FC2599E-07DA-4AC8-96F9-B95CF17F7800}.Release|Any CPU.Build.0 = Release|Any CPU
		{6FC2599E-07DA-4AC8-96F9-B95CF17F7800}.Release|Any CPU.Deploy.0 = Release|Any CPU
		{6FC2599E-07DA-4AC8-96F9-B95CF17F7800}.Release|ARM.ActiveCfg = Release|Any CPU
		{6FC2599E-07DA-4AC8-96F9-B95CF17F7800}.Release|ARM.Build.0 = Release|Any CPU
		{6FC2599E-07DA-4AC8-96F9-B95CF17F7800}.Release|ARM.Deploy.0 = Release|Any CPU
		{6FC2599E-07DA-4AC8-96F9-B95CF17F7800}.Release|x64.ActiveCfg = Release|Any CPU
		{6FC2599E-07DA-4AC8-96F9-B95CF17F7800}.Release|x64.Build.0 = Release|Any CPU
		{6FC2599E-07DA-4AC8-96F9-B95CF17F7800}.Release|x64.Deploy.0 = Release|Any CPU
		{6FC2599E-07DA-4AC8-96F9-B95CF17F7800}.Release|x86.ActiveCfg = Release|Any CPU
		{6FC2599E-07DA-4AC8-96F9-B95CF17F7800}.Release|x86.Build.0 = Release|Any CPU
		{6FC2599E-07DA-4AC8-96F9-B95CF17F7800}.Release|x86.Deploy.0 = Release|Any CPU
		{0BB1CBCA-1F3D-4792-BF02-E6063BDC27A0}.Debug|Any CPU.ActiveCfg = Debug|Any CPU
		{0BB1CBCA-1F3D-4792-BF02-E6063BDC27A0}.Debug|Any CPU.Build.0 = Debug|Any CPU
		{0BB1CBCA-1F3D-4792-BF02-E6063BDC27A0}.Debug|Any CPU.Deploy.0 = Debug|Any CPU
		{0BB1CBCA-1F3D-4792-BF02-E6063BDC27A0}.Debug|ARM.ActiveCfg = Debug|Any CPU
		{0BB1CBCA-1F3D-4792-BF02-E6063BDC27A0}.Debug|ARM.Build.0 = Debug|Any CPU
		{0BB1CBCA-1F3D-4792-BF02-E6063BDC27A0}.Debug|ARM.Deploy.0 = Debug|Any CPU
		{0BB1CBCA-1F3D-4792-BF02-E6063BDC27A0}.Debug|x64.ActiveCfg = Debug|Any CPU
		{0BB1CBCA-1F3D-4792-BF02-E6063BDC27A0}.Debug|x64.Build.0 = Debug|Any CPU
		{0BB1CBCA-1F3D-4792-BF02-E6063BDC27A0}.Debug|x64.Deploy.0 = Debug|Any CPU
		{0BB1CBCA-1F3D-4792-BF02-E6063BDC27A0}.Debug|x86.ActiveCfg = Debug|Any CPU
		{0BB1CBCA-1F3D-4792-BF02-E6063BDC27A0}.Debug|x86.Build.0 = Debug|Any CPU
		{0BB1CBCA-1F3D-4792-BF02-E6063BDC27A0}.Debug|x86.Deploy.0 = Debug|Any CPU
		{0BB1CBCA-1F3D-4792-BF02-E6063BDC27A0}.Release|Any CPU.ActiveCfg = Release|Any CPU
		{0BB1CBCA-1F3D-4792-BF02-E6063BDC27A0}.Release|Any CPU.Build.0 = Release|Any CPU
		{0BB1CBCA-1F3D-4792-BF02-E6063BDC27A0}.Release|Any CPU.Deploy.0 = Release|Any CPU
		{0BB1CBCA-1F3D-4792-BF02-E6063BDC27A0}.Release|ARM.ActiveCfg = Release|Any CPU
		{0BB1CBCA-1F3D-4792-BF02-E6063BDC27A0}.Release|ARM.Build.0 = Release|Any CPU
		{0BB1CBCA-1F3D-4792-BF02-E6063BDC27A0}.Release|ARM.Deploy.0 = Release|Any CPU
		{0BB1CBCA-1F3D-4792-BF02-E6063BDC27A0}.Release|x64.ActiveCfg = Release|Any CPU
		{0BB1CBCA-1F3D-4792-BF02-E6063BDC27A0}.Release|x64.Build.0 = Release|Any CPU
		{0BB1CBCA-1F3D-4792-BF02-E6063BDC27A0}.Release|x64.Deploy.0 = Release|Any CPU
		{0BB1CBCA-1F3D-4792-BF02-E6063BDC27A0}.Release|x86.ActiveCfg = Release|Any CPU
		{0BB1CBCA-1F3D-4792-BF02-E6063BDC27A0}.Release|x86.Build.0 = Release|Any CPU
		{0BB1CBCA-1F3D-4792-BF02-E6063BDC27A0}.Release|x86.Deploy.0 = Release|Any CPU
	EndGlobalSection
	GlobalSection(SolutionProperties) = preSolution
		HideSolutionNode = FALSE
	EndGlobalSection
	GlobalSection(ExtensibilityGlobals) = postSolution
		SolutionGuid = {CA1C0D5C-2B01-4AA9-8CF6-AB3D0F4EC193}
	EndGlobalSection
EndGlobal
